version = 1
revision = 3
requires-python = ">=3.9, <4"

[[package]]
name = "colorama"
version = "0.4.6"
source = { registry = "https://pypi.org/simple" }
sdist = { url = "https://files.pythonhosted.org/packages/d8/53/6f443c9a4a8358a93a6792e2acffb9d9d5cb0a5cfd8802644b7b1c9a02e4/colorama-0.4.6.tar.gz", hash = "sha256:08695f5cb7ed6e0531a20572697297273c47b8cae5a63ffc6d6ed5c201be6e44", size = 27697, upload-time = "2022-10-25T02:36:22.414Z" }
wheels = [
    { url = "https://files.pythonhosted.org/packages/d1/d6/3965ed04c63042e047cb6a3e6ed1a63a35087b6a609aa3a15ed8ac56c221/colorama-0.4.6-py2.py3-none-any.whl", hash = "sha256:4f1d9991f5acc0ca119f9d443620b77f9d6b33703e51011c16baf57afb285fc6", size = 25335, upload-time = "2022-10-25T02:36:20.889Z" },
]

[[package]]
name = "coverage"
version = "7.4.4"
source = { registry = "https://pypi.org/simple" }
sdist = { url = "https://files.pythonhosted.org/packages/bf/d5/f809d8b630cf4c11fe490e20037a343d12a74ec2783c6cdb5aee725e7137/coverage-7.4.4.tar.gz", hash = "sha256:c901df83d097649e257e803be22592aedfd5182f07b3cc87d640bbb9afd50f49", size = 783727, upload-time = "2024-03-14T19:11:17.611Z" }
wheels = [
    { url = "https://files.pythonhosted.org/packages/45/f4/10bf725621aeec5cc2fa1bc73021f5ba1ac01bcbf2c7278d8d34e1df6457/coverage-7.4.4-cp310-cp310-macosx_10_9_x86_64.whl", hash = "sha256:e0be5efd5127542ef31f165de269f77560d6cdef525fffa446de6f7e9186cfb2", size = 206123, upload-time = "2024-03-14T19:09:10.035Z" },
    { url = "https://files.pythonhosted.org/packages/10/1e/f676e1655d10bf59a6cb8de0601b7ea3c252c764782a3c2263f6d6bbcf28/coverage-7.4.4-cp310-cp310-macosx_11_0_arm64.whl", hash = "sha256:ccd341521be3d1b3daeb41960ae94a5e87abe2f46f17224ba5d6f2b8398016cf", size = 206473, upload-time = "2024-03-14T19:09:13.944Z" },
    { url = "https://files.pythonhosted.org/packages/07/58/0e076ea3a59dbfb3e981577c4e5572b432345cedd921e83006a0215b9afe/coverage-7.4.4-cp310-cp310-manylinux_2_17_aarch64.manylinux2014_aarch64.whl", hash = "sha256:09fa497a8ab37784fbb20ab699c246053ac294d13fc7eb40ec007a5043ec91f8", size = 234388, upload-time = "2024-03-14T19:09:16.512Z" },
    { url = "https://files.pythonhosted.org/packages/d3/6d/72b9f5035c50a14bc5c5fda0c28ac16c426e957a7a3debe02906b614fc4f/coverage-7.4.4-cp310-cp310-manylinux_2_5_i686.manylinux1_i686.manylinux_2_17_i686.manylinux2014_i686.whl", hash = "sha256:b1a93009cb80730c9bca5d6d4665494b725b6e8e157c1cb7f2db5b4b122ea562", size = 232667, upload-time = "2024-03-14T19:09:19.124Z" },
    { url = "https://files.pythonhosted.org/packages/93/41/e6e9dbb322f3c93aba7bc519b9c62846d923d7b57398bdd7eda3f0acdd11/coverage-7.4.4-cp310-cp310-manylinux_2_5_x86_64.manylinux1_x86_64.manylinux_2_17_x86_64.manylinux2014_x86_64.whl", hash = "sha256:690db6517f09336559dc0b5f55342df62370a48f5469fabf502db2c6d1cffcd2", size = 233463, upload-time = "2024-03-14T19:09:21.82Z" },
    { url = "https://files.pythonhosted.org/packages/91/4e/feff6d115dcc239e5850570ca2ea27a243c8a69596e7f1dabe54a6102d89/coverage-7.4.4-cp310-cp310-musllinux_1_1_aarch64.whl", hash = "sha256:09c3255458533cb76ef55da8cc49ffab9e33f083739c8bd4f58e79fecfe288f7", size = 239529, upload-time = "2024-03-14T19:09:24.256Z" },
    { url = "https://files.pythonhosted.org/packages/50/32/829d0e709fa699dc4e498fa77a561d25fc57954ba32466279952b98f0836/coverage-7.4.4-cp310-cp310-musllinux_1_1_i686.whl", hash = "sha256:8ce1415194b4a6bd0cdcc3a1dfbf58b63f910dcb7330fe15bdff542c56949f87", size = 237720, upload-time = "2024-03-14T19:09:26.985Z" },
    { url = "https://files.pythonhosted.org/packages/7e/60/62a8c190d20bf605c89a000fd6d41e3563b5792e7275b12eeefe6803b473/coverage-7.4.4-cp310-cp310-musllinux_1_1_x86_64.whl", hash = "sha256:b91cbc4b195444e7e258ba27ac33769c41b94967919f10037e6355e998af255c", size = 238910, upload-time = "2024-03-14T19:09:29.673Z" },
    { url = "https://files.pythonhosted.org/packages/5a/52/3641a452e1afa686094910287a8d8a472aafa09f833b2716c2c11c5cabb4/coverage-7.4.4-cp310-cp310-win32.whl", hash = "sha256:598825b51b81c808cb6f078dcb972f96af96b078faa47af7dfcdf282835baa8d", size = 208336, upload-time = "2024-03-14T19:09:31.611Z" },
    { url = "https://files.pythonhosted.org/packages/0e/de/7ff914b162e60d66a809632d037f32af74b0df41dc9f0532b1cd7db360bb/coverage-7.4.4-cp310-cp310-win_amd64.whl", hash = "sha256:09ef9199ed6653989ebbcaacc9b62b514bb63ea2f90256e71fea3ed74bd8ff6f", size = 209180, upload-time = "2024-03-14T19:09:33.814Z" },
    { url = "https://files.pythonhosted.org/packages/c4/26/e9bd37635e0e0343f41394e715725982de8811a1229ace1b3e94c9e47b86/coverage-7.4.4-cp311-cp311-macosx_10_9_x86_64.whl", hash = "sha256:0f9f50e7ef2a71e2fae92774c99170eb8304e3fdf9c8c3c7ae9bab3e7229c5cf", size = 206305, upload-time = "2024-03-14T19:09:35.936Z" },
    { url = "https://files.pythonhosted.org/packages/ec/1b/0c493f14813e9518ae71b8bd3061af63a332b41e6fee983996a7b90deb07/coverage-7.4.4-cp311-cp311-macosx_11_0_arm64.whl", hash = "sha256:623512f8ba53c422fcfb2ce68362c97945095b864cda94a92edbaf5994201083", size = 206574, upload-time = "2024-03-14T19:09:39.003Z" },
    { url = "https://files.pythonhosted.org/packages/64/9b/d0a8c02209f17549ce2283829b7be2b4eaef8bc7c7e0d8016774e73d54c0/coverage-7.4.4-cp311-cp311-manylinux_2_17_aarch64.manylinux2014_aarch64.whl", hash = "sha256:0513b9508b93da4e1716744ef6ebc507aff016ba115ffe8ecff744d1322a7b63", size = 238036, upload-time = "2024-03-14T19:09:41.129Z" },
    { url = "https://files.pythonhosted.org/packages/0f/86/d5d971283ef625391595d79321d3f9bef09dcaa0537db665fb0d4f445c7d/coverage-7.4.4-cp311-cp311-manylinux_2_5_i686.manylinux1_i686.manylinux_2_17_i686.manylinux2014_i686.whl", hash = "sha256:40209e141059b9370a2657c9b15607815359ab3ef9918f0196b6fccce8d3230f", size = 235610, upload-time = "2024-03-14T19:09:43.097Z" },
    { url = "https://files.pythonhosted.org/packages/ab/1c/f8fefae78482f1998f7a9d68419b22089b5ce69a7e0fa0035827d2ce2206/coverage-7.4.4-cp311-cp311-manylinux_2_5_x86_64.manylinux1_x86_64.manylinux_2_17_x86_64.manylinux2014_x86_64.whl", hash = "sha256:8a2b2b78c78293782fd3767d53e6474582f62443d0504b1554370bde86cc8227", size = 237314, upload-time = "2024-03-14T19:09:45.809Z" },
    { url = "https://files.pythonhosted.org/packages/5e/7c/d700521aafd6a23a61b5eb60db2f42a2306e494b3097030fcf400ce768a3/coverage-7.4.4-cp311-cp311-musllinux_1_1_aarch64.whl", hash = "sha256:73bfb9c09951125d06ee473bed216e2c3742f530fc5acc1383883125de76d9cd", size = 246411, upload-time = "2024-03-14T19:09:47.992Z" },
    { url = "https://files.pythonhosted.org/packages/95/44/c3f2e14450239fcdaff38e66a165f4aa8ac3a0753d1db33321c692558a15/coverage-7.4.4-cp311-cp311-musllinux_1_1_i686.whl", hash = "sha256:1f384c3cc76aeedce208643697fb3e8437604b512255de6d18dae3f27655a384", size = 244786, upload-time = "2024-03-14T19:09:50.223Z" },
    { url = "https://files.pythonhosted.org/packages/f4/ce/98e90709f9879d5834d04b49b86736118a78d848a9162333aa659c6442a7/coverage-7.4.4-cp311-cp311-musllinux_1_1_x86_64.whl", hash = "sha256:54eb8d1bf7cacfbf2a3186019bcf01d11c666bd495ed18717162f7eb1e9dd00b", size = 245869, upload-time = "2024-03-14T19:09:52.3Z" },
    { url = "https://files.pythonhosted.org/packages/a8/79/9dceb3847177d3bed1df3dd25a7672cc634369bc3cb6d2eed57ed6366a86/coverage-7.4.4-cp311-cp311-win32.whl", hash = "sha256:cac99918c7bba15302a2d81f0312c08054a3359eaa1929c7e4b26ebe41e9b286", size = 208337, upload-time = "2024-03-14T19:09:54.419Z" },
    { url = "https://files.pythonhosted.org/packages/d0/b2/994e08535fcc094df65c00440d71a05133cc8dc0c371eecf84bbb58154f0/coverage-7.4.4-cp311-cp311-win_amd64.whl", hash = "sha256:b14706df8b2de49869ae03a5ccbc211f4041750cd4a66f698df89d44f4bd30ec", size = 209273, upload-time = "2024-03-14T19:09:56.78Z" },
    { url = "https://files.pythonhosted.org/packages/a0/de/a54b245e781bfd6f3fd7ce5566a695686b5c25ee7c743f514e7634428972/coverage-7.4.4-cp312-cp312-macosx_10_9_x86_64.whl", hash = "sha256:201bef2eea65e0e9c56343115ba3814e896afe6d36ffd37bab783261db430f76", size = 206409, upload-time = "2024-03-14T19:09:59.428Z" },
    { url = "https://files.pythonhosted.org/packages/88/92/07f9c593cd27e3c595b8cb83b95adad8c9ba3d611debceed097a5fd6be4b/coverage-7.4.4-cp312-cp312-macosx_11_0_arm64.whl", hash = "sha256:41c9c5f3de16b903b610d09650e5e27adbfa7f500302718c9ffd1c12cf9d6818", size = 206568, upload-time = "2024-03-14T19:10:01.887Z" },
    { url = "https://files.pythonhosted.org/packages/41/6d/e142c823e5d4b24481f990da4cf9d2d577a6f4e1fb6faf39d9a4e42b1d43/coverage-7.4.4-cp312-cp312-manylinux_2_17_aarch64.manylinux2014_aarch64.whl", hash = "sha256:d898fe162d26929b5960e4e138651f7427048e72c853607f2b200909794ed978", size = 238920, upload-time = "2024-03-14T19:10:04.56Z" },
    { url = "https://files.pythonhosted.org/packages/30/1a/105f0139df6a2adbcaa0c110711a46dbd9f59e93a09ca15a97d59c2564f2/coverage-7.4.4-cp312-cp312-manylinux_2_5_i686.manylinux1_i686.manylinux_2_17_i686.manylinux2014_i686.whl", hash = "sha256:3ea79bb50e805cd6ac058dfa3b5c8f6c040cb87fe83de10845857f5535d1db70", size = 236288, upload-time = "2024-03-14T19:10:07.448Z" },
    { url = "https://files.pythonhosted.org/packages/98/79/185cb42910b6a2b2851980407c8445ac0da0750dff65e420e86f973c8396/coverage-7.4.4-cp312-cp312-manylinux_2_5_x86_64.manylinux1_x86_64.manylinux_2_17_x86_64.manylinux2014_x86_64.whl", hash = "sha256:ce4b94265ca988c3f8e479e741693d143026632672e3ff924f25fab50518dd51", size = 238223, upload-time = "2024-03-14T19:10:10.055Z" },
    { url = "https://files.pythonhosted.org/packages/92/12/2303d1c543a11ea060dbc7144ed3174fc09107b5dd333649415c95ede58b/coverage-7.4.4-cp312-cp312-musllinux_1_1_aarch64.whl", hash = "sha256:00838a35b882694afda09f85e469c96367daa3f3f2b097d846a7216993d37f4c", size = 245161, upload-time = "2024-03-14T19:10:12.27Z" },
    { url = "https://files.pythonhosted.org/packages/96/5a/7d0e945c4759fe9d19aad1679dd3096aeb4cb9fcf0062fe24554dc4787b8/coverage-7.4.4-cp312-cp312-musllinux_1_1_i686.whl", hash = "sha256:fdfafb32984684eb03c2d83e1e51f64f0906b11e64482df3c5db936ce3839d48", size = 243066, upload-time = "2024-03-14T19:10:14.212Z" },
    { url = "https://files.pythonhosted.org/packages/f4/1b/79cdb7b11bbbd6540a536ac79412904b5c1f8903d5c1330084212afa8ceb/coverage-7.4.4-cp312-cp312-musllinux_1_1_x86_64.whl", hash = "sha256:69eb372f7e2ece89f14751fbcbe470295d73ed41ecd37ca36ed2eb47512a6ab9", size = 244805, upload-time = "2024-03-14T19:10:16.343Z" },
    { url = "https://files.pythonhosted.org/packages/af/7f/54dc676e7e63549838a3a7b95a8e11df80441bf7d64c6ce8f1cdbc0d1ff0/coverage-7.4.4-cp312-cp312-win32.whl", hash = "sha256:137eb07173141545e07403cca94ab625cc1cc6bc4c1e97b6e3846270e7e1fea0", size = 208590, upload-time = "2024-03-14T19:10:18.615Z" },
    { url = "https://files.pythonhosted.org/packages/46/c4/1dfe76d96034a347d717a2392b004d42d45934cb94efa362ad41ca871f6e/coverage-7.4.4-cp312-cp312-win_amd64.whl", hash = "sha256:d71eec7d83298f1af3326ce0ff1d0ea83c7cb98f72b577097f9083b20bdaf05e", size = 209415, upload-time = "2024-03-14T19:10:20.722Z" },
    { url = "https://files.pythonhosted.org/packages/1a/15/ae47f23bfd557364e731ad2ed182331ba72e8c063b806ba317cd327e73cc/coverage-7.4.4-cp39-cp39-macosx_10_9_x86_64.whl", hash = "sha256:3b799445b9f7ee8bf299cfaed6f5b226c0037b74886a4e11515e569b36fe310d", size = 206118, upload-time = "2024-03-14T19:10:48.503Z" },
    { url = "https://files.pythonhosted.org/packages/64/09/91be1d04914deea7dd0e2f3e94d925c23e9b81ce23b0da014f1ff07dd772/coverage-7.4.4-cp39-cp39-macosx_11_0_arm64.whl", hash = "sha256:b4d33f418f46362995f1e9d4f3a35a1b6322cb959c31d88ae56b0298e1c22357", size = 206473, upload-time = "2024-03-14T19:10:50.719Z" },
    { url = "https://files.pythonhosted.org/packages/8b/c7/54cde44ebed02848db20d67388d0f82db1b65eca09d48181df71fbd81cf5/coverage-7.4.4-cp39-cp39-manylinux_2_17_aarch64.manylinux2014_aarch64.whl", hash = "sha256:aadacf9a2f407a4688d700e4ebab33a7e2e408f2ca04dbf4aef17585389eff3e", size = 233988, upload-time = "2024-03-14T19:10:53.024Z" },
    { url = "https://files.pythonhosted.org/packages/78/ab/39feda43fbd0ca46f695b36bfe1f6836efce9657e81889bb0dcc55fb1745/coverage-7.4.4-cp39-cp39-manylinux_2_5_i686.manylinux1_i686.manylinux_2_17_i686.manylinux2014_i686.whl", hash = "sha256:7c95949560050d04d46b919301826525597f07b33beba6187d04fa64d47ac82e", size = 232280, upload-time = "2024-03-14T19:10:55.369Z" },
    { url = "https://files.pythonhosted.org/packages/5b/ec/9bd500128995e9eec2ab50361ce8b853bab2b4839316ddcfd6a34f5bbfed/coverage-7.4.4-cp39-cp39-manylinux_2_5_x86_64.manylinux1_x86_64.manylinux_2_17_x86_64.manylinux2014_x86_64.whl", hash = "sha256:ff7687ca3d7028d8a5f0ebae95a6e4827c5616b31a4ee1192bdfde697db110d4", size = 233062, upload-time = "2024-03-14T19:10:58.184Z" },
    { url = "https://files.pythonhosted.org/packages/ad/c6/385cf65448b5739881ba630d144e9c38464737ce68ae4fe4d6a2c7bb3809/coverage-7.4.4-cp39-cp39-musllinux_1_1_aarch64.whl", hash = "sha256:5fc1de20b2d4a061b3df27ab9b7c7111e9a710f10dc2b84d33a4ab25065994ec", size = 239107, upload-time = "2024-03-14T19:11:00.907Z" },
    { url = "https://files.pythonhosted.org/packages/7c/a2/9302717d181eeaac738941b2a58e6bd776ef665db24f41f82e32cc8fe814/coverage-7.4.4-cp39-cp39-musllinux_1_1_i686.whl", hash = "sha256:c74880fc64d4958159fbd537a091d2a585448a8f8508bf248d72112723974cbd", size = 237306, upload-time = "2024-03-14T19:11:03.347Z" },
    { url = "https://files.pythonhosted.org/packages/4d/39/0cfdb5a4bde5843eead02c0f8bc43f8ab3129408cbec53f9ad4f11fc27cf/coverage-7.4.4-cp39-cp39-musllinux_1_1_x86_64.whl", hash = "sha256:742a76a12aa45b44d236815d282b03cfb1de3b4323f3e4ec933acfae08e54ade", size = 238461, upload-time = "2024-03-14T19:11:06.063Z" },
    { url = "https://files.pythonhosted.org/packages/25/41/5af6b1c2ce964d60d68e80de24c1e5615a4b845958c5f361371b730288f3/coverage-7.4.4-cp39-cp39-win32.whl", hash = "sha256:d89d7b2974cae412400e88f35d86af72208e1ede1a541954af5d944a8ba46c57", size = 208352, upload-time = "2024-03-14T19:11:09.395Z" },
    { url = "https://files.pythonhosted.org/packages/29/bc/65b8b11611b1e3cc83fb78c6757a7b2abf638ae449085406017adc4a6c74/coverage-7.4.4-cp39-cp39-win_amd64.whl", hash = "sha256:9ca28a302acb19b6af89e90f33ee3e1906961f94b54ea37de6737b7ca9d8827c", size = 209203, upload-time = "2024-03-14T19:11:11.886Z" },
    { url = "https://files.pythonhosted.org/packages/99/15/dbcb5d0a22bf5357cf456dfd16f9ceb89c54544d6201d53bc77c75077a8e/coverage-7.4.4-pp38.pp39.pp310-none-any.whl", hash = "sha256:b2c5edc4ac10a7ef6605a966c58929ec6c1bd0917fb8c15cb3363f65aa40e677", size = 198370, upload-time = "2024-03-14T19:11:14.459Z" },
]

[[package]]
name = "debugpy"
version = "1.8.1"
source = { registry = "https://pypi.org/simple" }
sdist = { url = "https://files.pythonhosted.org/packages/5e/c7/a18e15ed2e53f86de2e1c4162a54ddf1c4f4cee5ca40270c14725ccdd8ff/debugpy-1.8.1.zip", hash = "sha256:f696d6be15be87aef621917585f9bb94b1dc9e8aced570db1b8a6fc14e8f9b42", size = 4619053, upload-time = "2024-02-08T22:57:03.211Z" }
wheels = [
    { url = "https://files.pythonhosted.org/packages/4d/00/629fd2ba18483496482fd4b640c59b904238472c004036f331729753c63c/debugpy-1.8.1-cp310-cp310-macosx_11_0_x86_64.whl", hash = "sha256:3bda0f1e943d386cc7a0e71bfa59f4137909e2ed947fb3946c506e113000f741", size = 1714331, upload-time = "2024-02-08T22:55:46.557Z" },
    { url = "https://files.pythonhosted.org/packages/7a/27/78d5cf9c7aba43f8341e78273ab776913d2d33beb581ec39b65e56a0db77/debugpy-1.8.1-cp310-cp310-manylinux_2_17_x86_64.manylinux2014_x86_64.whl", hash = "sha256:dda73bf69ea479c8577a0448f8c707691152e6c4de7f0c4dec5a4bc11dee516e", size = 2998681, upload-time = "2024-02-08T22:55:49.891Z" },
    { url = "https://files.pythonhosted.org/packages/ee/28/69b62b9e21d0e8d5ad45e5c0323f921a00ccc436bf144940b084fb898d86/debugpy-1.8.1-cp310-cp310-win32.whl", hash = "sha256:3a79c6f62adef994b2dbe9fc2cc9cc3864a23575b6e387339ab739873bea53d0", size = 4771701, upload-time = "2024-02-08T22:55:52.868Z" },
    { url = "https://files.pythonhosted.org/packages/a2/81/408eecc856b931b4db262bd3402534d815e22dc7ebcfdc333cb57e69e9f9/debugpy-1.8.1-cp310-cp310-win_amd64.whl", hash = "sha256:7eb7bd2b56ea3bedb009616d9e2f64aab8fc7000d481faec3cd26c98a964bcdd", size = 4796491, upload-time = "2024-02-08T22:55:57.147Z" },
    { url = "https://files.pythonhosted.org/packages/1d/04/ce7170a5094fe5943b11925d3e11ae7ee6c5c79166f0b0298420995ea9cc/debugpy-1.8.1-cp311-cp311-macosx_11_0_universal2.whl", hash = "sha256:016a9fcfc2c6b57f939673c874310d8581d51a0fe0858e7fac4e240c5eb743cb", size = 1783713, upload-time = "2024-02-08T22:55:59.922Z" },
    { url = "https://files.pythonhosted.org/packages/da/65/ec4d2e244ec7f9db0b5250649f3ae6fc6a9df7d4da2c4bcdc46778d9a674/debugpy-1.8.1-cp311-cp311-manylinux_2_17_x86_64.manylinux2014_x86_64.whl", hash = "sha256:fd97ed11a4c7f6d042d320ce03d83b20c3fb40da892f994bc041bbc415d7a099", size = 2643137, upload-time = "2024-02-08T22:56:02.85Z" },
    { url = "https://files.pythonhosted.org/packages/0c/27/6dac9f0c3437c992b05375b2fa91d2136e50ea77c5923c58eef6a44e43aa/debugpy-1.8.1-cp311-cp311-win32.whl", hash = "sha256:0de56aba8249c28a300bdb0672a9b94785074eb82eb672db66c8144fff673146", size = 4708784, upload-time = "2024-02-08T22:56:07.055Z" },
    { url = "https://files.pythonhosted.org/packages/2a/0e/b6ca28f1a0c86c601c9253e71dbfc2f6acbda6930e53f3295b02911bd5ae/debugpy-1.8.1-cp311-cp311-win_amd64.whl", hash = "sha256:1a9fe0829c2b854757b4fd0a338d93bc17249a3bf69ecf765c61d4c522bb92a8", size = 4723449, upload-time = "2024-02-08T22:56:10.487Z" },
    { url = "https://files.pythonhosted.org/packages/84/3e/5ab87207d811b1659763d8a1c762f7cae13b3f30674565fe8f3f47a41a6a/debugpy-1.8.1-cp312-cp312-macosx_11_0_universal2.whl", hash = "sha256:3ebb70ba1a6524d19fa7bb122f44b74170c447d5746a503e36adc244a20ac539", size = 1437456, upload-time = "2024-02-08T22:56:13.125Z" },
    { url = "https://files.pythonhosted.org/packages/3c/7a/e400d9f5ed6b4b5ec9f350b4d7974e986ca2d455221e567e648edfad898e/debugpy-1.8.1-cp312-cp312-manylinux_2_5_x86_64.manylinux1_x86_64.manylinux_2_17_x86_64.manylinux2014_x86_64.whl", hash = "sha256:a2e658a9630f27534e63922ebf655a6ab60c370f4d2fc5c02a5b19baf4410ace", size = 1438512, upload-time = "2024-02-08T22:56:16.304Z" },
    { url = "https://files.pythonhosted.org/packages/a9/72/05634cc2b4a6c70eb0b3f54a038d112b7098f90c1898cc304a9fe7892ccd/debugpy-1.8.1-cp312-cp312-win32.whl", hash = "sha256:caad2846e21188797a1f17fc09c31b84c7c3c23baf2516fed5b40b378515bbf0", size = 4588388, upload-time = "2024-02-08T22:56:20.802Z" },
    { url = "https://files.pythonhosted.org/packages/f5/6d/d4e819e7e8a9f946eb1ce51492fbe8f8d03ad033f233096da864a5262084/debugpy-1.8.1-cp312-cp312-win_amd64.whl", hash = "sha256:edcc9f58ec0fd121a25bc950d4578df47428d72e1a0d66c07403b04eb93bcf98", size = 4588496, upload-time = "2024-02-08T22:56:24.544Z" },
    { url = "https://files.pythonhosted.org/packages/9a/c8/bd400e1d1d4d3758297d7d96df9f1e16bf835282053681724ca2a644fe6e/debugpy-1.8.1-cp39-cp39-macosx_11_0_x86_64.whl", hash = "sha256:bfb20cb57486c8e4793d41996652e5a6a885b4d9175dd369045dad59eaacea42", size = 1723704, upload-time = "2024-02-08T22:56:42.63Z" },
    { url = "https://files.pythonhosted.org/packages/ba/2c/69244a26dc484b37db8fc76ba5af107d501d0e45be27b3042b74aa332aa4/debugpy-1.8.1-cp39-cp39-manylinux_2_17_x86_64.manylinux2014_x86_64.whl", hash = "sha256:efd3fdd3f67a7e576dd869c184c5dd71d9aaa36ded271939da352880c012e703", size = 3065302, upload-time = "2024-02-08T22:56:46.399Z" },
    { url = "https://files.pythonhosted.org/packages/a4/aa/0598cce781e6d829a0123a539312688d41011654cd64a88ec2d61a2ac1d2/debugpy-1.8.1-cp39-cp39-win32.whl", hash = "sha256:58911e8521ca0c785ac7a0539f1e77e0ce2df753f786188f382229278b4cdf23", size = 4780994, upload-time = "2024-02-08T22:56:51.23Z" },
    { url = "https://files.pythonhosted.org/packages/dc/33/22e2b1c4adab01e08381032fe2b3c7453f460bcf92882f31bddf7b908f1e/debugpy-1.8.1-cp39-cp39-win_amd64.whl", hash = "sha256:6df9aa9599eb05ca179fb0b810282255202a66835c6efb1d112d21ecb830ddd3", size = 4807930, upload-time = "2024-02-08T22:56:54.673Z" },
    { url = "https://files.pythonhosted.org/packages/57/ab/6df7e24db51e1db642a5ea1759d44fb656251253995a27deb37af9b192ae/debugpy-1.8.1-py2.py3-none-any.whl", hash = "sha256:28acbe2241222b87e255260c76741e1fbf04fdc3b6d094fcf57b6c6f75ce1242", size = 4832569, upload-time = "2024-02-08T22:56:58.759Z" },
]

[[package]]
name = "exceptiongroup"
version = "1.2.0"
source = { registry = "https://pypi.org/simple" }
sdist = { url = "https://files.pythonhosted.org/packages/8e/1c/beef724eaf5b01bb44b6338c8c3494eff7cab376fab4904cfbbc3585dc79/exceptiongroup-1.2.0.tar.gz", hash = "sha256:91f5c769735f051a4290d52edd0858999b57e5876e9f85937691bd4c9fa3ed68", size = 26264, upload-time = "2023-11-21T08:42:17.407Z" }
wheels = [
    { url = "https://files.pythonhosted.org/packages/b8/9a/5028fd52db10e600f1c4674441b968cf2ea4959085bfb5b99fb1250e5f68/exceptiongroup-1.2.0-py3-none-any.whl", hash = "sha256:4bfd3996ac73b41e9b9628b04e079f193850720ea5945fc96a08633c66912f14", size = 16210, upload-time = "2023-11-21T08:42:15.525Z" },
]

[[package]]
name = "flake8"
version = "7.3.0"
source = { registry = "https://pypi.org/simple" }
dependencies = [
    { name = "mccabe" },
    { name = "pycodestyle" },
    { name = "pyflakes" },
]
sdist = { url = "https://files.pythonhosted.org/packages/9b/af/fbfe3c4b5a657d79e5c47a2827a362f9e1b763336a52f926126aa6dc7123/flake8-7.3.0.tar.gz", hash = "sha256:fe044858146b9fc69b551a4b490d69cf960fcb78ad1edcb84e7fbb1b4a8e3872", size = 48326, upload-time = "2025-06-20T19:31:35.838Z" }
wheels = [
    { url = "https://files.pythonhosted.org/packages/9f/56/13ab06b4f93ca7cac71078fbe37fcea175d3216f31f85c3168a6bbd0bb9a/flake8-7.3.0-py2.py3-none-any.whl", hash = "sha256:b9696257b9ce8beb888cdbe31cf885c90d31928fe202be0889a7cdafad32f01e", size = 57922, upload-time = "2025-06-20T19:31:34.425Z" },
]

[[package]]
name = "iniconfig"
version = "2.0.0"
source = { registry = "https://pypi.org/simple" }
sdist = { url = "https://files.pythonhosted.org/packages/d7/4b/cbd8e699e64a6f16ca3a8220661b5f83792b3017d0f79807cb8708d33913/iniconfig-2.0.0.tar.gz", hash = "sha256:2d91e135bf72d31a410b17c16da610a82cb55f6b0477d1a902134b24a455b8b3", size = 4646, upload-time = "2023-01-07T11:08:11.254Z" }
wheels = [
    { url = "https://files.pythonhosted.org/packages/ef/a6/62565a6e1cf69e10f5727360368e451d4b7f58beeac6173dc9db836a5b46/iniconfig-2.0.0-py3-none-any.whl", hash = "sha256:b6a85871a79d2e3b22d2d1b94ac2824226a63c6b741c88f7ae975f18b6778374", size = 5892, upload-time = "2023-01-07T11:08:09.864Z" },
]

[[package]]
name = "markdown-it-py"
version = "3.0.0"
source = { registry = "https://pypi.org/simple" }
dependencies = [
    { name = "mdurl" },
]
sdist = { url = "https://files.pythonhosted.org/packages/38/71/3b932df36c1a044d397a1f92d1cf91ee0a503d91e470cbd670aa66b07ed0/markdown-it-py-3.0.0.tar.gz", hash = "sha256:e3f60a94fa066dc52ec76661e37c851cb232d92f9886b15cb560aaada2df8feb", size = 74596, upload-time = "2023-06-03T06:41:14.443Z" }
wheels = [
    { url = "https://files.pythonhosted.org/packages/42/d7/1ec15b46af6af88f19b8e5ffea08fa375d433c998b8a7639e76935c14f1f/markdown_it_py-3.0.0-py3-none-any.whl", hash = "sha256:355216845c60bd96232cd8d8c40e8f9765cc86f46880e43a8fd22dc1a1a8cab1", size = 87528, upload-time = "2023-06-03T06:41:11.019Z" },
]

[[package]]
name = "mccabe"
version = "0.7.0"
source = { registry = "https://pypi.org/simple" }
sdist = { url = "https://files.pythonhosted.org/packages/e7/ff/0ffefdcac38932a54d2b5eed4e0ba8a408f215002cd178ad1df0f2806ff8/mccabe-0.7.0.tar.gz", hash = "sha256:348e0240c33b60bbdf4e523192ef919f28cb2c3d7d5c7794f74009290f236325", size = 9658, upload-time = "2022-01-24T01:14:51.113Z" }
wheels = [
    { url = "https://files.pythonhosted.org/packages/27/1a/1f68f9ba0c207934b35b86a8ca3aad8395a3d6dd7921c0686e23853ff5a9/mccabe-0.7.0-py2.py3-none-any.whl", hash = "sha256:6c2d30ab6be0e4a46919781807b4f0d834ebdd6c6e3dca0bda5a15f863427b6e", size = 7350, upload-time = "2022-01-24T01:14:49.62Z" },
]

[[package]]
name = "mdurl"
version = "0.1.2"
source = { registry = "https://pypi.org/simple" }
sdist = { url = "https://files.pythonhosted.org/packages/d6/54/cfe61301667036ec958cb99bd3efefba235e65cdeb9c84d24a8293ba1d90/mdurl-0.1.2.tar.gz", hash = "sha256:bb413d29f5eea38f31dd4754dd7377d4465116fb207585f97bf925588687c1ba", size = 8729, upload-time = "2022-08-14T12:40:10.846Z" }
wheels = [
    { url = "https://files.pythonhosted.org/packages/b3/38/89ba8ad64ae25be8de66a6d463314cf1eb366222074cfda9ee839c56a4b4/mdurl-0.1.2-py3-none-any.whl", hash = "sha256:84008a41e51615a49fc9966191ff91509e3c40b939176e643fd50a5c2196b8f8", size = 9979, upload-time = "2022-08-14T12:40:09.779Z" },
]

[[package]]
name = "mypy"
version = "1.9.0"
source = { registry = "https://pypi.org/simple" }
dependencies = [
    { name = "mypy-extensions" },
    { name = "tomli", marker = "python_full_version < '3.11'" },
    { name = "typing-extensions" },
]
sdist = { url = "https://files.pythonhosted.org/packages/72/1e/a587a862c766a755a58b62d8c00aed11b74a15dc415c1bf5da7b607b0efd/mypy-1.9.0.tar.gz", hash = "sha256:3cc5da0127e6a478cddd906068496a97a7618a21ce9b54bde5bf7e539c7af974", size = 2995901, upload-time = "2024-03-08T16:10:12.412Z" }
wheels = [
    { url = "https://files.pythonhosted.org/packages/1a/a7/0b180ef81daebabd6ef011f12ecd1ba4c0747aa8c460a8caf79f38789b90/mypy-1.9.0-cp310-cp310-macosx_10_9_x86_64.whl", hash = "sha256:f8a67616990062232ee4c3952f41c779afac41405806042a8126fe96e098419f", size = 10679966, upload-time = "2024-03-08T16:09:45.595Z" },
    { url = "https://files.pythonhosted.org/packages/d0/41/87f727fdbb43a1f975df5fe5d038dad552440b1e5c21f999bce0d83fd847/mypy-1.9.0-cp310-cp310-macosx_11_0_arm64.whl", hash = "sha256:d357423fa57a489e8c47b7c85dfb96698caba13d66e086b412298a1a0ea3b0ed", size = 9841188, upload-time = "2024-03-08T16:09:33.06Z" },
    { url = "https://files.pythonhosted.org/packages/e1/87/b508b34309359daa00e0e76d9a0dbe43031866af49b279861f69c76e5d70/mypy-1.9.0-cp310-cp310-manylinux_2_17_x86_64.manylinux2014_x86_64.whl", hash = "sha256:49c87c15aed320de9b438ae7b00c1ac91cd393c1b854c2ce538e2a72d55df150", size = 12546263, upload-time = "2024-03-08T16:09:12.667Z" },
    { url = "https://files.pythonhosted.org/packages/3d/23/b4282a2b59b74a3bf4a16713491348f72d843e218a73a12399bc98754c48/mypy-1.9.0-cp310-cp310-musllinux_1_1_x86_64.whl", hash = "sha256:48533cdd345c3c2e5ef48ba3b0d3880b257b423e7995dada04248725c6f77374", size = 12611869, upload-time = "2024-03-08T16:08:36.513Z" },
    { url = "https://files.pythonhosted.org/packages/16/2a/28f290537d1ad1d91d39a926d6bb862c4e333ee5bb410a75bc3be8da20d8/mypy-1.9.0-cp310-cp310-win_amd64.whl", hash = "sha256:4d3dbd346cfec7cb98e6cbb6e0f3c23618af826316188d587d1c1bc34f0ede03", size = 9227793, upload-time = "2024-03-08T16:09:37.099Z" },
    { url = "https://files.pythonhosted.org/packages/6d/ce/c62c0c0d83b8a936ad6d5e0294e956e881acc5d680deb4929ea259fb50f6/mypy-1.9.0-cp311-cp311-macosx_10_9_x86_64.whl", hash = "sha256:653265f9a2784db65bfca694d1edd23093ce49740b2244cde583aeb134c008f3", size = 10605548, upload-time = "2024-03-08T16:09:51.882Z" },
    { url = "https://files.pythonhosted.org/packages/da/e2/1864612774cf8a445f6d42ce73ce0f1492a37ed2af1c908e989f1ec7d349/mypy-1.9.0-cp311-cp311-macosx_11_0_arm64.whl", hash = "sha256:3a3c007ff3ee90f69cf0a15cbcdf0995749569b86b6d2f327af01fd1b8aee9dc", size = 9767399, upload-time = "2024-03-08T16:10:05.315Z" },
    { url = "https://files.pythonhosted.org/packages/a1/81/97e8539d6cdcfb3a8ae7eb1438c6983a9fc434ef9664572bfa7fd285cab9/mypy-1.9.0-cp311-cp311-manylinux_2_17_x86_64.manylinux2014_x86_64.whl", hash = "sha256:2418488264eb41f69cc64a69a745fad4a8f86649af4b1041a4c64ee61fc61129", size = 12421347, upload-time = "2024-03-08T16:09:28.368Z" },
    { url = "https://files.pythonhosted.org/packages/ef/cf/43c1e29b9d3b2bf6c75e32d021d7db4631c516e4c0bd72b75bc8836680d8/mypy-1.9.0-cp311-cp311-musllinux_1_1_x86_64.whl", hash = "sha256:68edad3dc7d70f2f17ae4c6c1b9471a56138ca22722487eebacfd1eb5321d612", size = 12490944, upload-time = "2024-03-08T16:08:24.22Z" },
    { url = "https://files.pythonhosted.org/packages/59/56/a33d610a9cf692669690a89b54a6a920fd7c7ebcca00da2c36c9d975de8e/mypy-1.9.0-cp311-cp311-win_amd64.whl", hash = "sha256:85ca5fcc24f0b4aeedc1d02f93707bccc04733f21d41c88334c5482219b1ccb3", size = 9226854, upload-time = "2024-03-08T16:09:56.504Z" },
    { url = "https://files.pythonhosted.org/packages/6e/96/40f0f605b1d4e2ad1fb11d21988ce3a3e205886c0fcbd35c9789a214de9a/mypy-1.9.0-cp312-cp312-macosx_10_9_x86_64.whl", hash = "sha256:aceb1db093b04db5cd390821464504111b8ec3e351eb85afd1433490163d60cd", size = 10725390, upload-time = "2024-03-08T16:10:01.099Z" },
    { url = "https://files.pythonhosted.org/packages/d7/d2/072e40384b53051106b4fcf03537fb88e2a6ad0757d2ab7f6c8c2f188a69/mypy-1.9.0-cp312-cp312-macosx_11_0_arm64.whl", hash = "sha256:0235391f1c6f6ce487b23b9dbd1327b4ec33bb93934aa986efe8a9563d9349e6", size = 9731292, upload-time = "2024-03-08T16:08:48.463Z" },
    { url = "https://files.pythonhosted.org/packages/85/a5/b7dc7eb69eda899fd07e71403b51b598a1f4df0f452d1da5844374082bcd/mypy-1.9.0-cp312-cp312-manylinux_2_17_x86_64.manylinux2014_x86_64.whl", hash = "sha256:d4d5ddc13421ba3e2e082a6c2d74c2ddb3979c39b582dacd53dd5d9431237185", size = 12455450, upload-time = "2024-03-08T16:08:57.375Z" },
    { url = "https://files.pythonhosted.org/packages/1c/1b/3e962a201d2f0f57c9fa1990e0dd6076f4f2f94954ab56e4a701ec3cc070/mypy-1.9.0-cp312-cp312-musllinux_1_1_x86_64.whl", hash = "sha256:190da1ee69b427d7efa8aa0d5e5ccd67a4fb04038c380237a0d96829cb157913", size = 12530368, upload-time = "2024-03-08T16:09:17.061Z" },
    { url = "https://files.pythonhosted.org/packages/72/1f/8b214b69d08cc5e4bd8c3769ac55a43318f3529362ea55e5957774b69924/mypy-1.9.0-cp312-cp312-win_amd64.whl", hash = "sha256:fe28657de3bfec596bbeef01cb219833ad9d38dd5393fc649f4b366840baefe6", size = 9319112, upload-time = "2024-03-08T16:09:07.961Z" },
    { url = "https://files.pythonhosted.org/packages/d6/3f/213223cab830d9d593bb8764db51c00e528e6c20c2a48bb2f69e6dc3c003/mypy-1.9.0-cp39-cp39-macosx_10_9_x86_64.whl", hash = "sha256:587ce887f75dd9700252a3abbc9c97bbe165a4a630597845c61279cf32dfbf02", size = 10675018, upload-time = "2024-03-08T16:09:20.551Z" },
    { url = "https://files.pythonhosted.org/packages/61/e9/d18add3d83a363fb890944c95de9bf7ac89dceb265edb2304a50099866ee/mypy-1.9.0-cp39-cp39-macosx_11_0_arm64.whl", hash = "sha256:f88566144752999351725ac623471661c9d1cd8caa0134ff98cceeea181789f4", size = 9839678, upload-time = "2024-03-08T16:08:28.273Z" },
    { url = "https://files.pythonhosted.org/packages/d5/61/0433cb518d7f0eb1978834d23bcc178036e9629449cab9cecd2b2a46f0b3/mypy-1.9.0-cp39-cp39-manylinux_2_17_x86_64.manylinux2014_x86_64.whl", hash = "sha256:61758fabd58ce4b0720ae1e2fea5cfd4431591d6d590b197775329264f86311d", size = 12541931, upload-time = "2024-03-08T16:10:09.554Z" },
    { url = "https://files.pythonhosted.org/packages/36/35/b5ca875ce1a1aa724916ea4bcb7cc0bb53fda2f135915426f8ea077c1984/mypy-1.9.0-cp39-cp39-musllinux_1_1_x86_64.whl", hash = "sha256:e49499be624dead83927e70c756970a0bc8240e9f769389cdf5714b0784ca6bf", size = 12609824, upload-time = "2024-03-08T16:08:53.275Z" },
    { url = "https://files.pythonhosted.org/packages/8b/7c/f1c1e709a8a807ae68975f83ff95f325321df0a50664c644e521a2e2c180/mypy-1.9.0-cp39-cp39-win_amd64.whl", hash = "sha256:571741dc4194b4f82d344b15e8837e8c5fcc462d66d076748142327626a1b6e9", size = 9226476, upload-time = "2024-03-08T16:08:32.851Z" },
    { url = "https://files.pythonhosted.org/packages/60/db/0ba2eaedca52bf5276275e8489951c26206030b3d31bf06f00875ae75d5d/mypy-1.9.0-py3-none-any.whl", hash = "sha256:a260627a570559181a9ea5de61ac6297aa5af202f06fd7ab093ce74e7181e43e", size = 2555887, upload-time = "2024-03-08T16:09:48.584Z" },
]

[[package]]
name = "mypy-extensions"
version = "1.0.0"
source = { registry = "https://pypi.org/simple" }
sdist = { url = "https://files.pythonhosted.org/packages/98/a4/1ab47638b92648243faf97a5aeb6ea83059cc3624972ab6b8d2316078d3f/mypy_extensions-1.0.0.tar.gz", hash = "sha256:75dbf8955dc00442a438fc4d0666508a9a97b6bd41aa2f0ffe9d2f2725af0782", size = 4433, upload-time = "2023-02-04T12:11:27.157Z" }
wheels = [
    { url = "https://files.pythonhosted.org/packages/2a/e2/5d3f6ada4297caebe1a2add3b126fe800c96f56dbe5d1988a2cbe0b267aa/mypy_extensions-1.0.0-py3-none-any.whl", hash = "sha256:4392f6c0eb8a5668a69e23d168ffa70f0be9ccfd32b5cc2d26a34ae5b844552d", size = 4695, upload-time = "2023-02-04T12:11:25.002Z" },
]

[[package]]
name = "packaging"
version = "24.0"
source = { registry = "https://pypi.org/simple" }
sdist = { url = "https://files.pythonhosted.org/packages/ee/b5/b43a27ac7472e1818c4bafd44430e69605baefe1f34440593e0332ec8b4d/packaging-24.0.tar.gz", hash = "sha256:eb82c5e3e56209074766e6885bb04b8c38a0c015d0a30036ebe7ece34c9989e9", size = 147882, upload-time = "2024-03-10T09:39:28.33Z" }
wheels = [
    { url = "https://files.pythonhosted.org/packages/49/df/1fceb2f8900f8639e278b056416d49134fb8d84c5942ffaa01ad34782422/packaging-24.0-py3-none-any.whl", hash = "sha256:2ddfb553fdf02fb784c234c7ba6ccc288296ceabec964ad2eae3777778130bc5", size = 53488, upload-time = "2024-03-10T09:39:25.947Z" },
]

[[package]]
name = "pluggy"
version = "1.4.0"
source = { registry = "https://pypi.org/simple" }
sdist = { url = "https://files.pythonhosted.org/packages/54/c6/43f9d44d92aed815e781ca25ba8c174257e27253a94630d21be8725a2b59/pluggy-1.4.0.tar.gz", hash = "sha256:8c85c2876142a764e5b7548e7d9a0e0ddb46f5185161049a79b7e974454223be", size = 65812, upload-time = "2024-01-24T13:45:15.875Z" }
wheels = [
    { url = "https://files.pythonhosted.org/packages/a5/5b/0cc789b59e8cc1bf288b38111d002d8c5917123194d45b29dcdac64723cc/pluggy-1.4.0-py3-none-any.whl", hash = "sha256:7db9f7b503d67d1c5b95f59773ebb58a8c1c288129a88665838012cfb07b8981", size = 20120, upload-time = "2024-01-24T13:45:14.227Z" },
]

[[package]]
name = "pycodestyle"
version = "2.14.0"
source = { registry = "https://pypi.org/simple" }
sdist = { url = "https://files.pythonhosted.org/packages/11/e0/abfd2a0d2efe47670df87f3e3a0e2edda42f055053c85361f19c0e2c1ca8/pycodestyle-2.14.0.tar.gz", hash = "sha256:c4b5b517d278089ff9d0abdec919cd97262a3367449ea1c8b49b91529167b783", size = 39472, upload-time = "2025-06-20T18:49:48.75Z" }
wheels = [
    { url = "https://files.pythonhosted.org/packages/d7/27/a58ddaf8c588a3ef080db9d0b7e0b97215cee3a45df74f3a94dbbf5c893a/pycodestyle-2.14.0-py2.py3-none-any.whl", hash = "sha256:dd6bf7cb4ee77f8e016f9c8e74a35ddd9f67e1d5fd4184d86c3b98e07099f42d", size = 31594, upload-time = "2025-06-20T18:49:47.491Z" },
]

[[package]]
name = "pydrink"
version = "0.4.0"
source = { editable = "." }
dependencies = [
    { name = "rich" },
    { name = "rich-argparse" },
]

[package.dev-dependencies]
dev = [
    { name = "coverage" },
    { name = "debugpy" },
    { name = "flake8" },
    { name = "mypy" },
    { name = "pytest" },
]

[package.metadata]
requires-dist = [
    { name = "rich", specifier = ">=13.7.1,<14" },
    { name = "rich-argparse", specifier = ">=1.4.0,<2" },
]

[package.metadata.requires-dev]
dev = [
    { name = "coverage", specifier = ">=7.4.4,<8" },
    { name = "debugpy", specifier = ">=1.8.1,<2" },
    { name = "flake8", specifier = ">=7.3.0" },
    { name = "mypy", specifier = ">=1.9.0,<2" },
    { name = "pytest" },
]

[[package]]
name = "pyflakes"
version = "3.4.0"
source = { registry = "https://pypi.org/simple" }
sdist = { url = "https://files.pythonhosted.org/packages/45/dc/fd034dc20b4b264b3d015808458391acbf9df40b1e54750ef175d39180b1/pyflakes-3.4.0.tar.gz", hash = "sha256:b24f96fafb7d2ab0ec5075b7350b3d2d2218eab42003821c06344973d3ea2f58", size = 64669, upload-time = "2025-06-20T18:45:27.834Z" }
wheels = [
    { url = "https://files.pythonhosted.org/packages/c2/2f/81d580a0fb83baeb066698975cb14a618bdbed7720678566f1b046a95fe8/pyflakes-3.4.0-py2.py3-none-any.whl", hash = "sha256:f742a7dbd0d9cb9ea41e9a24a918996e8170c799fa528688d40dd582c8265f4f", size = 63551, upload-time = "2025-06-20T18:45:26.937Z" },
]

[[package]]
name = "pygments"
version = "2.17.2"
source = { registry = "https://pypi.org/simple" }
sdist = { url = "https://files.pythonhosted.org/packages/55/59/8bccf4157baf25e4aa5a0bb7fa3ba8600907de105ebc22b0c78cfbf6f565/pygments-2.17.2.tar.gz", hash = "sha256:da46cec9fd2de5be3a8a784f434e4c4ab670b4ff54d605c4c2717e9d49c4c367", size = 4827772, upload-time = "2023-11-21T20:43:53.875Z" }
wheels = [
    { url = "https://files.pythonhosted.org/packages/97/9c/372fef8377a6e340b1704768d20daaded98bf13282b5327beb2e2fe2c7ef/pygments-2.17.2-py3-none-any.whl", hash = "sha256:b27c2826c47d0f3219f29554824c30c5e8945175d888647acd804ddd04af846c", size = 1179756, upload-time = "2023-11-21T20:43:49.423Z" },
]

[[package]]
name = "pytest"
version = "8.1.1"
source = { registry = "https://pypi.org/simple" }
dependencies = [
    { name = "colorama", marker = "sys_platform == 'win32'" },
    { name = "exceptiongroup", marker = "python_full_version < '3.11'" },
    { name = "iniconfig" },
    { name = "packaging" },
    { name = "pluggy" },
    { name = "tomli", marker = "python_full_version < '3.11'" },
]
sdist = { url = "https://files.pythonhosted.org/packages/30/b7/7d44bbc04c531dcc753056920e0988032e5871ac674b5a84cb979de6e7af/pytest-8.1.1.tar.gz", hash = "sha256:ac978141a75948948817d360297b7aae0fcb9d6ff6bc9ec6d514b85d5a65c044", size = 1409703, upload-time = "2024-03-09T11:51:08.012Z" }
wheels = [
    { url = "https://files.pythonhosted.org/packages/4d/7e/c79cecfdb6aa85c6c2e3cf63afc56d0f165f24f5c66c03c695c4d9b84756/pytest-8.1.1-py3-none-any.whl", hash = "sha256:2a8386cfc11fa9d2c50ee7b2a57e7d898ef90470a7a34c4b949ff59662bb78b7", size = 337359, upload-time = "2024-03-09T11:51:04.858Z" },
]

[[package]]
name = "rich"
version = "13.7.1"
source = { registry = "https://pypi.org/simple" }
dependencies = [
    { name = "markdown-it-py" },
    { name = "pygments" },
]
sdist = { url = "https://files.pythonhosted.org/packages/b3/01/c954e134dc440ab5f96952fe52b4fdc64225530320a910473c1fe270d9aa/rich-13.7.1.tar.gz", hash = "sha256:9be308cb1fe2f1f57d67ce99e95af38a1e2bc71ad9813b0e247cf7ffbcc3a432", size = 221248, upload-time = "2024-02-28T14:51:19.472Z" }
wheels = [
    { url = "https://files.pythonhosted.org/packages/87/67/a37f6214d0e9fe57f6ae54b2956d550ca8365857f42a1ce0392bb21d9410/rich-13.7.1-py3-none-any.whl", hash = "sha256:4edbae314f59eb482f54e9e30bf00d33350aaa94f4bfcd4e9e3110e64d0d7222", size = 240681, upload-time = "2024-02-28T14:51:14.353Z" },
]

[[package]]
name = "rich-argparse"
version = "1.4.0"
source = { registry = "https://pypi.org/simple" }
dependencies = [
    { name = "rich" },
]
sdist = { url = "https://files.pythonhosted.org/packages/7b/04/4b0b9b06662a4559041a88c2d31e93ecbc8aca1c45fee10a0c1a000b7274/rich_argparse-1.4.0.tar.gz", hash = "sha256:c275f34ea3afe36aec6342c2a2298893104b5650528941fb53c21067276dba19", size = 17112, upload-time = "2023-10-21T17:30:14.757Z" }
wheels = [
    { url = "https://files.pythonhosted.org/packages/c2/f6/19c1208dd565f13ff6062db31006b6ddf4c68c1946d5ee7bc0fec0592f1d/rich_argparse-1.4.0-py3-none-any.whl", hash = "sha256:68b263d3628d07b1d27cfe6ad896da2f5a5583ee2ba226aeeb24459840023b38", size = 19948, upload-time = "2023-10-21T17:30:12.97Z" },
]

[[package]]
name = "tomli"
version = "2.0.1"
source = { registry = "https://pypi.org/simple" }
sdist = { url = "https://files.pythonhosted.org/packages/c0/3f/d7af728f075fb08564c5949a9c95e44352e23dee646869fa104a3b2060a3/tomli-2.0.1.tar.gz", hash = "sha256:de526c12914f0c550d15924c62d72abc48d6fe7364aa87328337a31007fe8a4f", size = 15164, upload-time = "2022-02-08T10:54:04.006Z" }
wheels = [
    { url = "https://files.pythonhosted.org/packages/97/75/10a9ebee3fd790d20926a90a2547f0bf78f371b2f13aa822c759680ca7b9/tomli-2.0.1-py3-none-any.whl", hash = "sha256:939de3e7a6161af0c887ef91b7d41a53e7c5a1ca976325f429cb46ea9bc30ecc", size = 12757, upload-time = "2022-02-08T10:54:02.017Z" },
]

[[package]]
name = "typing-extensions"
version = "4.10.0"
source = { registry = "https://pypi.org/simple" }
sdist = { url = "https://files.pythonhosted.org/packages/16/3a/0d26ce356c7465a19c9ea8814b960f8a36c3b0d07c323176620b7b483e44/typing_extensions-4.10.0.tar.gz", hash = "sha256:b0abd7c89e8fb96f98db18d86106ff1d90ab692004eb746cf6eda2682f91b3cb", size = 77558, upload-time = "2024-02-25T22:12:49.693Z" }
wheels = [
    { url = "https://files.pythonhosted.org/packages/f9/de/dc04a3ea60b22624b51c703a84bbe0184abcd1d0b9bc8074b5d6b7ab90bb/typing_extensions-4.10.0-py3-none-any.whl", hash = "sha256:69b1a937c3a517342112fb4c6df7e72fc39a38e7891a5730ed4985b5214b5475", size = 33926, upload-time = "2024-02-25T22:12:47.72Z" },
]
